// !$*UTF8*$!
{
	archiveVersion = 1;
	classes = {
	};
	objectVersion = 46;
	objects = {

/* Begin PBXBuildFile section */
		5BAB3215AB79E868681C0DB4 /* Pods.framework in Frameworks */ = {isa = PBXBuildFile; fileRef = 7D390A92937EE2EC8FC9D85F /* Pods.framework */; };
		AD0621AC1BF54CE800D548B0 /* BullTableViewController.swift in Sources */ = {isa = PBXBuildFile; fileRef = AD0621AB1BF54CE800D548B0 /* BullTableViewController.swift */; settings = {ASSET_TAGS = (); }; };
		AD0621AE1BF54F9600D548B0 /* BullTableViewCell.swift in Sources */ = {isa = PBXBuildFile; fileRef = AD0621AD1BF54F9600D548B0 /* BullTableViewCell.swift */; settings = {ASSET_TAGS = (); }; };
		AD0621B11BF5C13D00D548B0 /* BullInfoViewController.swift in Sources */ = {isa = PBXBuildFile; fileRef = AD0621B01BF5C13D00D548B0 /* BullInfoViewController.swift */; settings = {ASSET_TAGS = (); }; };
		AD0621B41BF5C1BD00D548B0 /* SingleBullTableViewController.swift in Sources */ = {isa = PBXBuildFile; fileRef = AD0621B31BF5C1BD00D548B0 /* SingleBullTableViewController.swift */; settings = {ASSET_TAGS = (); }; };
		AD0621B61BFC5CC400D548B0 /* BullMatingViewController.swift in Sources */ = {isa = PBXBuildFile; fileRef = AD0621B51BFC5CC400D548B0 /* BullMatingViewController.swift */; settings = {ASSET_TAGS = (); }; };
		AD3ADA241BF292A300BB40AC /* KMPlaceholderTextView.framework in Frameworks */ = {isa = PBXBuildFile; fileRef = AD3ADA231BF292A300BB40AC /* KMPlaceholderTextView.framework */; };
		AD3ADA261BF3C7BF00BB40AC /* ExistingGroupViewController.swift in Sources */ = {isa = PBXBuildFile; fileRef = AD3ADA251BF3C7BF00BB40AC /* ExistingGroupViewController.swift */; settings = {ASSET_TAGS = (); }; };
		ADCF2F581BF168C50083F1A0 /* AppDelegate.swift in Sources */ = {isa = PBXBuildFile; fileRef = ADCF2F571BF168C50083F1A0 /* AppDelegate.swift */; };
		ADCF2F5A1BF168C50083F1A0 /* ViewController.swift in Sources */ = {isa = PBXBuildFile; fileRef = ADCF2F591BF168C50083F1A0 /* ViewController.swift */; };
		ADCF2F5D1BF168C50083F1A0 /* Main.storyboard in Resources */ = {isa = PBXBuildFile; fileRef = ADCF2F5B1BF168C50083F1A0 /* Main.storyboard */; };
		ADCF2F5F1BF168C50083F1A0 /* Assets.xcassets in Resources */ = {isa = PBXBuildFile; fileRef = ADCF2F5E1BF168C50083F1A0 /* Assets.xcassets */; };
		ADCF2F621BF168C50083F1A0 /* LaunchScreen.storyboard in Resources */ = {isa = PBXBuildFile; fileRef = ADCF2F601BF168C50083F1A0 /* LaunchScreen.storyboard */; };
		ADCF2F6D1BF168C50083F1A0 /* BSETests.swift in Sources */ = {isa = PBXBuildFile; fileRef = ADCF2F6C1BF168C50083F1A0 /* BSETests.swift */; };
		ADCF2F781BF168C50083F1A0 /* BSEUITests.swift in Sources */ = {isa = PBXBuildFile; fileRef = ADCF2F771BF168C50083F1A0 /* BSEUITests.swift */; };
		ADCF2F861BF16C2E0083F1A0 /* GroupsTableViewTableViewController.swift in Sources */ = {isa = PBXBuildFile; fileRef = ADCF2F851BF16C2E0083F1A0 /* GroupsTableViewTableViewController.swift */; settings = {ASSET_TAGS = (); }; };
		ADCF2F8A1BF16F010083F1A0 /* ExistingGroupTableViewCell.swift in Sources */ = {isa = PBXBuildFile; fileRef = ADCF2F891BF16F010083F1A0 /* ExistingGroupTableViewCell.swift */; settings = {ASSET_TAGS = (); }; };
		ADCF2F8C1BF175BA0083F1A0 /* NewGroupViewController.swift in Sources */ = {isa = PBXBuildFile; fileRef = ADCF2F8B1BF175BA0083F1A0 /* NewGroupViewController.swift */; settings = {ASSET_TAGS = (); }; };
		ADCF2F8F1BF198B00083F1A0 /* Bolts.framework in Frameworks */ = {isa = PBXBuildFile; fileRef = ADCF2F8D1BF198B00083F1A0 /* Bolts.framework */; settings = {ASSET_TAGS = (); }; };
		ADCF2F901BF198B00083F1A0 /* Parse.framework in Frameworks */ = {isa = PBXBuildFile; fileRef = ADCF2F8E1BF198B00083F1A0 /* Parse.framework */; settings = {ASSET_TAGS = (); }; };
		ADCF2F931BF198FA0083F1A0 /* AudioToolbox.framework in Frameworks */ = {isa = PBXBuildFile; fileRef = ADCF2F921BF198FA0083F1A0 /* AudioToolbox.framework */; };
		ADCF2F951BF199060083F1A0 /* CFNetwork.framework in Frameworks */ = {isa = PBXBuildFile; fileRef = ADCF2F941BF199060083F1A0 /* CFNetwork.framework */; };
		ADCF2F971BF199110083F1A0 /* CoreGraphics.framework in Frameworks */ = {isa = PBXBuildFile; fileRef = ADCF2F961BF199110083F1A0 /* CoreGraphics.framework */; };
		ADCF2F991BF1991C0083F1A0 /* CoreLocation.framework in Frameworks */ = {isa = PBXBuildFile; fileRef = ADCF2F981BF1991C0083F1A0 /* CoreLocation.framework */; };
		ADCF2F9B1BF199280083F1A0 /* QuartzCore.framework in Frameworks */ = {isa = PBXBuildFile; fileRef = ADCF2F9A1BF199280083F1A0 /* QuartzCore.framework */; };
		ADCF2F9D1BF199320083F1A0 /* Security.framework in Frameworks */ = {isa = PBXBuildFile; fileRef = ADCF2F9C1BF199320083F1A0 /* Security.framework */; };
		ADCF2F9F1BF1993C0083F1A0 /* StoreKit.framework in Frameworks */ = {isa = PBXBuildFile; fileRef = ADCF2F9E1BF1993C0083F1A0 /* StoreKit.framework */; };
		ADCF2FA11BF199510083F1A0 /* SystemConfiguration.framework in Frameworks */ = {isa = PBXBuildFile; fileRef = ADCF2FA01BF199510083F1A0 /* SystemConfiguration.framework */; };
		ADCF2FA31BF1995A0083F1A0 /* libz.tbd in Frameworks */ = {isa = PBXBuildFile; fileRef = ADCF2FA21BF1995A0083F1A0 /* libz.tbd */; };
		ADCF2FA51BF199680083F1A0 /* libsqlite3.tbd in Frameworks */ = {isa = PBXBuildFile; fileRef = ADCF2FA41BF199680083F1A0 /* libsqlite3.tbd */; };
		ADCF2FA81BF19C2A0083F1A0 /* libsqlite3.dylib in Frameworks */ = {isa = PBXBuildFile; fileRef = ADCF2FA61BF19C2A0083F1A0 /* libsqlite3.dylib */; };
		ADCF2FA91BF19C2A0083F1A0 /* libz.1.dylib in Frameworks */ = {isa = PBXBuildFile; fileRef = ADCF2FA71BF19C2A0083F1A0 /* libz.1.dylib */; };
/* End PBXBuildFile section */

/* Begin PBXContainerItemProxy section */
		ADCF2F691BF168C50083F1A0 /* PBXContainerItemProxy */ = {
			isa = PBXContainerItemProxy;
			containerPortal = ADCF2F4C1BF168C50083F1A0 /* Project object */;
			proxyType = 1;
			remoteGlobalIDString = ADCF2F531BF168C50083F1A0;
			remoteInfo = BSE;
		};
		ADCF2F741BF168C50083F1A0 /* PBXContainerItemProxy */ = {
			isa = PBXContainerItemProxy;
			containerPortal = ADCF2F4C1BF168C50083F1A0 /* Project object */;
			proxyType = 1;
			remoteGlobalIDString = ADCF2F531BF168C50083F1A0;
			remoteInfo = BSE;
		};
/* End PBXContainerItemProxy section */

/* Begin PBXFileReference section */
		1458D9B89EBC1EF15434759C /* Pods.release.xcconfig */ = {isa = PBXFileReference; includeInIndex = 1; lastKnownFileType = text.xcconfig; name = Pods.release.xcconfig; path = "Pods/Target Support Files/Pods/Pods.release.xcconfig"; sourceTree = "<group>"; };
		3C13525B0DD9EF0B32A40006 /* Pods.debug.xcconfig */ = {isa = PBXFileReference; includeInIndex = 1; lastKnownFileType = text.xcconfig; name = Pods.debug.xcconfig; path = "Pods/Target Support Files/Pods/Pods.debug.xcconfig"; sourceTree = "<group>"; };
		7D390A92937EE2EC8FC9D85F /* Pods.framework */ = {isa = PBXFileReference; explicitFileType = wrapper.framework; includeInIndex = 0; path = Pods.framework; sourceTree = BUILT_PRODUCTS_DIR; };
		AD0621AB1BF54CE800D548B0 /* BullTableViewController.swift */ = {isa = PBXFileReference; fileEncoding = 4; lastKnownFileType = sourcecode.swift; path = BullTableViewController.swift; sourceTree = "<group>"; };
		AD0621AD1BF54F9600D548B0 /* BullTableViewCell.swift */ = {isa = PBXFileReference; fileEncoding = 4; lastKnownFileType = sourcecode.swift; path = BullTableViewCell.swift; sourceTree = "<group>"; };
		AD0621B01BF5C13D00D548B0 /* BullInfoViewController.swift */ = {isa = PBXFileReference; fileEncoding = 4; lastKnownFileType = sourcecode.swift; path = BullInfoViewController.swift; sourceTree = "<group>"; };
		AD0621B31BF5C1BD00D548B0 /* SingleBullTableViewController.swift */ = {isa = PBXFileReference; fileEncoding = 4; lastKnownFileType = sourcecode.swift; path = SingleBullTableViewController.swift; sourceTree = "<group>"; };
		AD0621B51BFC5CC400D548B0 /* BullMatingViewController.swift */ = {isa = PBXFileReference; fileEncoding = 4; lastKnownFileType = sourcecode.swift; path = BullMatingViewController.swift; sourceTree = "<group>"; };
		AD3ADA231BF292A300BB40AC /* KMPlaceholderTextView.framework */ = {isa = PBXFileReference; lastKnownFileType = wrapper.framework; name = KMPlaceholderTextView.framework; path = "Pods/../build/Debug-iphoneos/KMPlaceholderTextView.framework"; sourceTree = "<group>"; };
		AD3ADA251BF3C7BF00BB40AC /* ExistingGroupViewController.swift */ = {isa = PBXFileReference; fileEncoding = 4; lastKnownFileType = sourcecode.swift; path = ExistingGroupViewController.swift; sourceTree = "<group>"; };
		ADCF2F541BF168C50083F1A0 /* BSE.app */ = {isa = PBXFileReference; explicitFileType = wrapper.application; includeInIndex = 0; path = BSE.app; sourceTree = BUILT_PRODUCTS_DIR; };
		ADCF2F571BF168C50083F1A0 /* AppDelegate.swift */ = {isa = PBXFileReference; lastKnownFileType = sourcecode.swift; path = AppDelegate.swift; sourceTree = "<group>"; };
		ADCF2F591BF168C50083F1A0 /* ViewController.swift */ = {isa = PBXFileReference; lastKnownFileType = sourcecode.swift; path = ViewController.swift; sourceTree = "<group>"; };
		ADCF2F5C1BF168C50083F1A0 /* Base */ = {isa = PBXFileReference; lastKnownFileType = file.storyboard; name = Base; path = Base.lproj/Main.storyboard; sourceTree = "<group>"; };
		ADCF2F5E1BF168C50083F1A0 /* Assets.xcassets */ = {isa = PBXFileReference; lastKnownFileType = folder.assetcatalog; path = Assets.xcassets; sourceTree = "<group>"; };
		ADCF2F611BF168C50083F1A0 /* Base */ = {isa = PBXFileReference; lastKnownFileType = file.storyboard; name = Base; path = Base.lproj/LaunchScreen.storyboard; sourceTree = "<group>"; };
		ADCF2F631BF168C50083F1A0 /* Info.plist */ = {isa = PBXFileReference; lastKnownFileType = text.plist.xml; path = Info.plist; sourceTree = "<group>"; };
		ADCF2F681BF168C50083F1A0 /* BSETests.xctest */ = {isa = PBXFileReference; explicitFileType = wrapper.cfbundle; includeInIndex = 0; path = BSETests.xctest; sourceTree = BUILT_PRODUCTS_DIR; };
		ADCF2F6C1BF168C50083F1A0 /* BSETests.swift */ = {isa = PBXFileReference; lastKnownFileType = sourcecode.swift; path = BSETests.swift; sourceTree = "<group>"; };
		ADCF2F6E1BF168C50083F1A0 /* Info.plist */ = {isa = PBXFileReference; lastKnownFileType = text.plist.xml; path = Info.plist; sourceTree = "<group>"; };
		ADCF2F731BF168C50083F1A0 /* BSEUITests.xctest */ = {isa = PBXFileReference; explicitFileType = wrapper.cfbundle; includeInIndex = 0; path = BSEUITests.xctest; sourceTree = BUILT_PRODUCTS_DIR; };
		ADCF2F771BF168C50083F1A0 /* BSEUITests.swift */ = {isa = PBXFileReference; lastKnownFileType = sourcecode.swift; path = BSEUITests.swift; sourceTree = "<group>"; };
		ADCF2F791BF168C50083F1A0 /* Info.plist */ = {isa = PBXFileReference; lastKnownFileType = text.plist.xml; path = Info.plist; sourceTree = "<group>"; };
		ADCF2F851BF16C2E0083F1A0 /* GroupsTableViewTableViewController.swift */ = {isa = PBXFileReference; fileEncoding = 4; lastKnownFileType = sourcecode.swift; path = GroupsTableViewTableViewController.swift; sourceTree = "<group>"; };
		ADCF2F891BF16F010083F1A0 /* ExistingGroupTableViewCell.swift */ = {isa = PBXFileReference; fileEncoding = 4; lastKnownFileType = sourcecode.swift; path = ExistingGroupTableViewCell.swift; sourceTree = "<group>"; };
		ADCF2F8B1BF175BA0083F1A0 /* NewGroupViewController.swift */ = {isa = PBXFileReference; fileEncoding = 4; lastKnownFileType = sourcecode.swift; path = NewGroupViewController.swift; sourceTree = "<group>"; };
		ADCF2F8D1BF198B00083F1A0 /* Bolts.framework */ = {isa = PBXFileReference; lastKnownFileType = wrapper.framework; path = Bolts.framework; sourceTree = "<group>"; };
		ADCF2F8E1BF198B00083F1A0 /* Parse.framework */ = {isa = PBXFileReference; lastKnownFileType = wrapper.framework; path = Parse.framework; sourceTree = "<group>"; };
		ADCF2F921BF198FA0083F1A0 /* AudioToolbox.framework */ = {isa = PBXFileReference; lastKnownFileType = wrapper.framework; name = AudioToolbox.framework; path = System/Library/Frameworks/AudioToolbox.framework; sourceTree = SDKROOT; };
		ADCF2F941BF199060083F1A0 /* CFNetwork.framework */ = {isa = PBXFileReference; lastKnownFileType = wrapper.framework; name = CFNetwork.framework; path = System/Library/Frameworks/CFNetwork.framework; sourceTree = SDKROOT; };
		ADCF2F961BF199110083F1A0 /* CoreGraphics.framework */ = {isa = PBXFileReference; lastKnownFileType = wrapper.framework; name = CoreGraphics.framework; path = System/Library/Frameworks/CoreGraphics.framework; sourceTree = SDKROOT; };
		ADCF2F981BF1991C0083F1A0 /* CoreLocation.framework */ = {isa = PBXFileReference; lastKnownFileType = wrapper.framework; name = CoreLocation.framework; path = System/Library/Frameworks/CoreLocation.framework; sourceTree = SDKROOT; };
		ADCF2F9A1BF199280083F1A0 /* QuartzCore.framework */ = {isa = PBXFileReference; lastKnownFileType = wrapper.framework; name = QuartzCore.framework; path = System/Library/Frameworks/QuartzCore.framework; sourceTree = SDKROOT; };
		ADCF2F9C1BF199320083F1A0 /* Security.framework */ = {isa = PBXFileReference; lastKnownFileType = wrapper.framework; name = Security.framework; path = System/Library/Frameworks/Security.framework; sourceTree = SDKROOT; };
		ADCF2F9E1BF1993C0083F1A0 /* StoreKit.framework */ = {isa = PBXFileReference; lastKnownFileType = wrapper.framework; name = StoreKit.framework; path = System/Library/Frameworks/StoreKit.framework; sourceTree = SDKROOT; };
		ADCF2FA01BF199510083F1A0 /* SystemConfiguration.framework */ = {isa = PBXFileReference; lastKnownFileType = wrapper.framework; name = SystemConfiguration.framework; path = System/Library/Frameworks/SystemConfiguration.framework; sourceTree = SDKROOT; };
		ADCF2FA21BF1995A0083F1A0 /* libz.tbd */ = {isa = PBXFileReference; lastKnownFileType = "sourcecode.text-based-dylib-definition"; name = libz.tbd; path = usr/lib/libz.tbd; sourceTree = SDKROOT; };
		ADCF2FA41BF199680083F1A0 /* libsqlite3.tbd */ = {isa = PBXFileReference; lastKnownFileType = "sourcecode.text-based-dylib-definition"; name = libsqlite3.tbd; path = usr/lib/libsqlite3.tbd; sourceTree = SDKROOT; };
		ADCF2FA61BF19C2A0083F1A0 /* libsqlite3.dylib */ = {isa = PBXFileReference; lastKnownFileType = "compiled.mach-o.dylib"; name = libsqlite3.dylib; path = ../../../../../../usr/lib/libsqlite3.dylib; sourceTree = "<group>"; };
		ADCF2FA71BF19C2A0083F1A0 /* libz.1.dylib */ = {isa = PBXFileReference; lastKnownFileType = "compiled.mach-o.dylib"; name = libz.1.dylib; path = ../../../../../../usr/lib/libz.1.dylib; sourceTree = "<group>"; };
/* End PBXFileReference section */

/* Begin PBXFrameworksBuildPhase section */
		ADCF2F511BF168C50083F1A0 /* Frameworks */ = {
			isa = PBXFrameworksBuildPhase;
			buildActionMask = 2147483647;
			files = (
				AD3ADA241BF292A300BB40AC /* KMPlaceholderTextView.framework in Frameworks */,
				ADCF2FA81BF19C2A0083F1A0 /* libsqlite3.dylib in Frameworks */,
				ADCF2FA91BF19C2A0083F1A0 /* libz.1.dylib in Frameworks */,
				ADCF2FA51BF199680083F1A0 /* libsqlite3.tbd in Frameworks */,
				ADCF2FA31BF1995A0083F1A0 /* libz.tbd in Frameworks */,
				ADCF2FA11BF199510083F1A0 /* SystemConfiguration.framework in Frameworks */,
				ADCF2F9F1BF1993C0083F1A0 /* StoreKit.framework in Frameworks */,
				ADCF2F9D1BF199320083F1A0 /* Security.framework in Frameworks */,
				ADCF2F9B1BF199280083F1A0 /* QuartzCore.framework in Frameworks */,
				ADCF2F991BF1991C0083F1A0 /* CoreLocation.framework in Frameworks */,
				ADCF2F971BF199110083F1A0 /* CoreGraphics.framework in Frameworks */,
				ADCF2F951BF199060083F1A0 /* CFNetwork.framework in Frameworks */,
				ADCF2F931BF198FA0083F1A0 /* AudioToolbox.framework in Frameworks */,
				ADCF2F901BF198B00083F1A0 /* Parse.framework in Frameworks */,
				ADCF2F8F1BF198B00083F1A0 /* Bolts.framework in Frameworks */,
				5BAB3215AB79E868681C0DB4 /* Pods.framework in Frameworks */,
			);
			runOnlyForDeploymentPostprocessing = 0;
		};
		ADCF2F651BF168C50083F1A0 /* Frameworks */ = {
			isa = PBXFrameworksBuildPhase;
			buildActionMask = 2147483647;
			files = (
			);
			runOnlyForDeploymentPostprocessing = 0;
		};
		ADCF2F701BF168C50083F1A0 /* Frameworks */ = {
			isa = PBXFrameworksBuildPhase;
			buildActionMask = 2147483647;
			files = (
			);
			runOnlyForDeploymentPostprocessing = 0;
		};
/* End PBXFrameworksBuildPhase section */

/* Begin PBXGroup section */
		65C54996330E60DAD900AC46 /* Pods */ = {
			isa = PBXGroup;
			children = (
				3C13525B0DD9EF0B32A40006 /* Pods.debug.xcconfig */,
				1458D9B89EBC1EF15434759C /* Pods.release.xcconfig */,
			);
			name = Pods;
			sourceTree = "<group>";
		};
		AD0621AF1BF5C07800D548B0 /* ViewControllersFields */ = {
			isa = PBXGroup;
			children = (
				AD0621B01BF5C13D00D548B0 /* BullInfoViewController.swift */,
				AD0621B51BFC5CC400D548B0 /* BullMatingViewController.swift */,
			);
			name = ViewControllersFields;
			sourceTree = "<group>";
		};
		AD0621B21BF5C16900D548B0 /* Table Views */ = {
			isa = PBXGroup;
			children = (
				AD0621AB1BF54CE800D548B0 /* BullTableViewController.swift */,
				ADCF2F851BF16C2E0083F1A0 /* GroupsTableViewTableViewController.swift */,
				AD0621B31BF5C1BD00D548B0 /* SingleBullTableViewController.swift */,
			);
			name = "Table Views";
			sourceTree = "<group>";
		};
		ADCF2F4B1BF168C50083F1A0 = {
			isa = PBXGroup;
			children = (
				ADCF2F911BF198B80083F1A0 /* Frameworks */,
				ADCF2F561BF168C50083F1A0 /* BSE */,
				ADCF2F6B1BF168C50083F1A0 /* BSETests */,
				ADCF2F761BF168C50083F1A0 /* BSEUITests */,
				ADCF2F551BF168C50083F1A0 /* Products */,
				65C54996330E60DAD900AC46 /* Pods */,
			);
			sourceTree = "<group>";
		};
		ADCF2F551BF168C50083F1A0 /* Products */ = {
			isa = PBXGroup;
			children = (
				ADCF2F541BF168C50083F1A0 /* BSE.app */,
				ADCF2F681BF168C50083F1A0 /* BSETests.xctest */,
				ADCF2F731BF168C50083F1A0 /* BSEUITests.xctest */,
			);
			name = Products;
			sourceTree = "<group>";
		};
		ADCF2F561BF168C50083F1A0 /* BSE */ = {
			isa = PBXGroup;
			children = (
				AD0621B21BF5C16900D548B0 /* Table Views */,
				AD0621AF1BF5C07800D548B0 /* ViewControllersFields */,
				ADCF2F571BF168C50083F1A0 /* AppDelegate.swift */,
				ADCF2F591BF168C50083F1A0 /* ViewController.swift */,
				ADCF2F5B1BF168C50083F1A0 /* Main.storyboard */,
				ADCF2F5E1BF168C50083F1A0 /* Assets.xcassets */,
				ADCF2F601BF168C50083F1A0 /* LaunchScreen.storyboard */,
				ADCF2F631BF168C50083F1A0 /* Info.plist */,
				ADCF2F891BF16F010083F1A0 /* ExistingGroupTableViewCell.swift */,
				ADCF2F8B1BF175BA0083F1A0 /* NewGroupViewController.swift */,
				AD3ADA251BF3C7BF00BB40AC /* ExistingGroupViewController.swift */,
				AD0621AD1BF54F9600D548B0 /* BullTableViewCell.swift */,
			);
			path = BSE;
			sourceTree = "<group>";
		};
		ADCF2F6B1BF168C50083F1A0 /* BSETests */ = {
			isa = PBXGroup;
			children = (
				ADCF2F6C1BF168C50083F1A0 /* BSETests.swift */,
				ADCF2F6E1BF168C50083F1A0 /* Info.plist */,
			);
			path = BSETests;
			sourceTree = "<group>";
		};
		ADCF2F761BF168C50083F1A0 /* BSEUITests */ = {
			isa = PBXGroup;
			children = (
				ADCF2F771BF168C50083F1A0 /* BSEUITests.swift */,
				ADCF2F791BF168C50083F1A0 /* Info.plist */,
			);
			path = BSEUITests;
			sourceTree = "<group>";
		};
		ADCF2F911BF198B80083F1A0 /* Frameworks */ = {
			isa = PBXGroup;
			children = (
				AD3ADA231BF292A300BB40AC /* KMPlaceholderTextView.framework */,
				ADCF2FA61BF19C2A0083F1A0 /* libsqlite3.dylib */,
				ADCF2FA71BF19C2A0083F1A0 /* libz.1.dylib */,
				ADCF2FA41BF199680083F1A0 /* libsqlite3.tbd */,
				ADCF2FA21BF1995A0083F1A0 /* libz.tbd */,
				ADCF2FA01BF199510083F1A0 /* SystemConfiguration.framework */,
				ADCF2F9E1BF1993C0083F1A0 /* StoreKit.framework */,
				ADCF2F9C1BF199320083F1A0 /* Security.framework */,
				ADCF2F9A1BF199280083F1A0 /* QuartzCore.framework */,
				ADCF2F981BF1991C0083F1A0 /* CoreLocation.framework */,
				ADCF2F961BF199110083F1A0 /* CoreGraphics.framework */,
				ADCF2F941BF199060083F1A0 /* CFNetwork.framework */,
				ADCF2F921BF198FA0083F1A0 /* AudioToolbox.framework */,
				ADCF2F8D1BF198B00083F1A0 /* Bolts.framework */,
				ADCF2F8E1BF198B00083F1A0 /* Parse.framework */,
				7D390A92937EE2EC8FC9D85F /* Pods.framework */,
			);
			name = Frameworks;
			sourceTree = "<group>";
		};
/* End PBXGroup section */

/* Begin PBXNativeTarget section */
		ADCF2F531BF168C50083F1A0 /* BSE */ = {
			isa = PBXNativeTarget;
			buildConfigurationList = ADCF2F7C1BF168C50083F1A0 /* Build configuration list for PBXNativeTarget "BSE" */;
			buildPhases = (
				47715AD6AA514ECA87A9EB88 /* Check Pods Manifest.lock */,
				ADCF2F501BF168C50083F1A0 /* Sources */,
				ADCF2F511BF168C50083F1A0 /* Frameworks */,
				ADCF2F521BF168C50083F1A0 /* Resources */,
				5F0761122885B95DFD48FEF3 /* Embed Pods Frameworks */,
				EC0E50A684C72455EA89217F /* Copy Pods Resources */,
			);
			buildRules = (
			);
			dependencies = (
			);
			name = BSE;
			productName = BSE;
			productReference = ADCF2F541BF168C50083F1A0 /* BSE.app */;
			productType = "com.apple.product-type.application";
		};
		ADCF2F671BF168C50083F1A0 /* BSETests */ = {
			isa = PBXNativeTarget;
			buildConfigurationList = ADCF2F7F1BF168C50083F1A0 /* Build configuration list for PBXNativeTarget "BSETests" */;
			buildPhases = (
				ADCF2F641BF168C50083F1A0 /* Sources */,
				ADCF2F651BF168C50083F1A0 /* Frameworks */,
				ADCF2F661BF168C50083F1A0 /* Resources */,
			);
			buildRules = (
			);
			dependencies = (
				ADCF2F6A1BF168C50083F1A0 /* PBXTargetDependency */,
			);
			name = BSETests;
			productName = BSETests;
			productReference = ADCF2F681BF168C50083F1A0 /* BSETests.xctest */;
			productType = "com.apple.product-type.bundle.unit-test";
		};
		ADCF2F721BF168C50083F1A0 /* BSEUITests */ = {
			isa = PBXNativeTarget;
			buildConfigurationList = ADCF2F821BF168C50083F1A0 /* Build configuration list for PBXNativeTarget "BSEUITests" */;
			buildPhases = (
				ADCF2F6F1BF168C50083F1A0 /* Sources */,
				ADCF2F701BF168C50083F1A0 /* Frameworks */,
				ADCF2F711BF168C50083F1A0 /* Resources */,
			);
			buildRules = (
			);
			dependencies = (
				ADCF2F751BF168C50083F1A0 /* PBXTargetDependency */,
			);
			name = BSEUITests;
			productName = BSEUITests;
			productReference = ADCF2F731BF168C50083F1A0 /* BSEUITests.xctest */;
			productType = "com.apple.product-type.bundle.ui-testing";
		};
/* End PBXNativeTarget section */

/* Begin PBXProject section */
		ADCF2F4C1BF168C50083F1A0 /* Project object */ = {
			isa = PBXProject;
			attributes = {
				LastUpgradeCheck = 0700;
				ORGANIZATIONNAME = "Null Development";
				TargetAttributes = {
					ADCF2F531BF168C50083F1A0 = {
						CreatedOnToolsVersion = 7.0;
						DevelopmentTeam = V7D9XKLT6J;
					};
					ADCF2F671BF168C50083F1A0 = {
						CreatedOnToolsVersion = 7.0;
						DevelopmentTeam = V7D9XKLT6J;
						TestTargetID = ADCF2F531BF168C50083F1A0;
					};
					ADCF2F721BF168C50083F1A0 = {
						CreatedOnToolsVersion = 7.0;
						DevelopmentTeam = V7D9XKLT6J;
						TestTargetID = ADCF2F531BF168C50083F1A0;
					};
				};
			};
			buildConfigurationList = ADCF2F4F1BF168C50083F1A0 /* Build configuration list for PBXProject "BSE" */;
			compatibilityVersion = "Xcode 3.2";
			developmentRegion = English;
			hasScannedForEncodings = 0;
			knownRegions = (
				en,
				Base,
			);
			mainGroup = ADCF2F4B1BF168C50083F1A0;
			productRefGroup = ADCF2F551BF168C50083F1A0 /* Products */;
			projectDirPath = "";
			projectRoot = "";
			targets = (
				ADCF2F531BF168C50083F1A0 /* BSE */,
				ADCF2F671BF168C50083F1A0 /* BSETests */,
				ADCF2F721BF168C50083F1A0 /* BSEUITests */,
			);
		};
/* End PBXProject section */

/* Begin PBXResourcesBuildPhase section */
		ADCF2F521BF168C50083F1A0 /* Resources */ = {
			isa = PBXResourcesBuildPhase;
			buildActionMask = 2147483647;
			files = (
				ADCF2F621BF168C50083F1A0 /* LaunchScreen.storyboard in Resources */,
				ADCF2F5F1BF168C50083F1A0 /* Assets.xcassets in Resources */,
				ADCF2F5D1BF168C50083F1A0 /* Main.storyboard in Resources */,
			);
			runOnlyForDeploymentPostprocessing = 0;
		};
		ADCF2F661BF168C50083F1A0 /* Resources */ = {
			isa = PBXResourcesBuildPhase;
			buildActionMask = 2147483647;
			files = (
			);
			runOnlyForDeploymentPostprocessing = 0;
		};
		ADCF2F711BF168C50083F1A0 /* Resources */ = {
			isa = PBXResourcesBuildPhase;
			buildActionMask = 2147483647;
			files = (
			);
			runOnlyForDeploymentPostprocessing = 0;
		};
/* End PBXResourcesBuildPhase section */

/* Begin PBXShellScriptBuildPhase section */
		47715AD6AA514ECA87A9EB88 /* Check Pods Manifest.lock */ = {
			isa = PBXShellScriptBuildPhase;
			buildActionMask = 2147483647;
			files = (
			);
			inputPaths = (
			);
			name = "Check Pods Manifest.lock";
			outputPaths = (
			);
			runOnlyForDeploymentPostprocessing = 0;
			shellPath = /bin/sh;
			shellScript = "diff \"${PODS_ROOT}/../Podfile.lock\" \"${PODS_ROOT}/Manifest.lock\" > /dev/null\nif [[ $? != 0 ]] ; then\n    cat << EOM\nerror: The sandbox is not in sync with the Podfile.lock. Run 'pod install' or update your CocoaPods installation.\nEOM\n    exit 1\nfi\n";
			showEnvVarsInLog = 0;
		};
		5F0761122885B95DFD48FEF3 /* Embed Pods Frameworks */ = {
			isa = PBXShellScriptBuildPhase;
			buildActionMask = 2147483647;
			files = (
			);
			inputPaths = (
			);
			name = "Embed Pods Frameworks";
			outputPaths = (
			);
			runOnlyForDeploymentPostprocessing = 0;
			shellPath = /bin/sh;
			shellScript = "\"${SRCROOT}/Pods/Target Support Files/Pods/Pods-frameworks.sh\"\n";
			showEnvVarsInLog = 0;
		};
		EC0E50A684C72455EA89217F /* Copy Pods Resources */ = {
			isa = PBXShellScriptBuildPhase;
			buildActionMask = 2147483647;
			files = (
			);
			inputPaths = (
			);
			name = "Copy Pods Resources";
			outputPaths = (
			);
			runOnlyForDeploymentPostprocessing = 0;
			shellPath = /bin/sh;
			shellScript = "\"${SRCROOT}/Pods/Target Support Files/Pods/Pods-resources.sh\"\n";
			showEnvVarsInLog = 0;
		};
/* End PBXShellScriptBuildPhase section */

/* Begin PBXSourcesBuildPhase section */
		ADCF2F501BF168C50083F1A0 /* Sources */ = {
			isa = PBXSourcesBuildPhase;
			buildActionMask = 2147483647;
			files = (
				ADCF2F8C1BF175BA0083F1A0 /* NewGroupViewController.swift in Sources */,
				AD0621AC1BF54CE800D548B0 /* BullTableViewController.swift in Sources */,
				ADCF2F861BF16C2E0083F1A0 /* GroupsTableViewTableViewController.swift in Sources */,
				ADCF2F5A1BF168C50083F1A0 /* ViewController.swift in Sources */,
				AD0621B41BF5C1BD00D548B0 /* SingleBullTableViewController.swift in Sources */,
				AD0621AE1BF54F9600D548B0 /* BullTableViewCell.swift in Sources */,
				ADCF2F8A1BF16F010083F1A0 /* ExistingGroupTableViewCell.swift in Sources */,
				ADCF2F581BF168C50083F1A0 /* AppDelegate.swift in Sources */,
				AD0621B61BFC5CC400D548B0 /* BullMatingViewController.swift in Sources */,
				AD3ADA261BF3C7BF00BB40AC /* ExistingGroupViewController.swift in Sources */,
				AD0621B11BF5C13D00D548B0 /* BullInfoViewController.swift in Sources */,
			);
			runOnlyForDeploymentPostprocessing = 0;
		};
		ADCF2F641BF168C50083F1A0 /* Sources */ = {
			isa = PBXSourcesBuildPhase;
			buildActionMask = 2147483647;
			files = (
				ADCF2F6D1BF168C50083F1A0 /* BSETests.swift in Sources */,
			);
			runOnlyForDeploymentPostprocessing = 0;
		};
		ADCF2F6F1BF168C50083F1A0 /* Sources */ = {
			isa = PBXSourcesBuildPhase;
			buildActionMask = 2147483647;
			files = (
				ADCF2F781BF168C50083F1A0 /* BSEUITests.swift in Sources */,
			);
			runOnlyForDeploymentPostprocessing = 0;
		};
/* End PBXSourcesBuildPhase section */

/* Begin PBXTargetDependency section */
		ADCF2F6A1BF168C50083F1A0 /* PBXTargetDependency */ = {
			isa = PBXTargetDependency;
			target = ADCF2F531BF168C50083F1A0 /* BSE */;
			targetProxy = ADCF2F691BF168C50083F1A0 /* PBXContainerItemProxy */;
		};
		ADCF2F751BF168C50083F1A0 /* PBXTargetDependency */ = {
			isa = PBXTargetDependency;
			target = ADCF2F531BF168C50083F1A0 /* BSE */;
			targetProxy = ADCF2F741BF168C50083F1A0 /* PBXContainerItemProxy */;
		};
/* End PBXTargetDependency section */

/* Begin PBXVariantGroup section */
		ADCF2F5B1BF168C50083F1A0 /* Main.storyboard */ = {
			isa = PBXVariantGroup;
			children = (
				ADCF2F5C1BF168C50083F1A0 /* Base */,
			);
			name = Main.storyboard;
			sourceTree = "<group>";
		};
		ADCF2F601BF168C50083F1A0 /* LaunchScreen.storyboard */ = {
			isa = PBXVariantGroup;
			children = (
				ADCF2F611BF168C50083F1A0 /* Base */,
			);
			name = LaunchScreen.storyboard;
			sourceTree = "<group>";
		};
/* End PBXVariantGroup section */

/* Begin XCBuildConfiguration section */
		ADCF2F7A1BF168C50083F1A0 /* Debug */ = {
			isa = XCBuildConfiguration;
			buildSettings = {
				ALWAYS_SEARCH_USER_PATHS = NO;
				CLANG_CXX_LANGUAGE_STANDARD = "gnu++0x";
				CLANG_CXX_LIBRARY = "libc++";
				CLANG_ENABLE_MODULES = YES;
				CLANG_ENABLE_OBJC_ARC = YES;
				CLANG_WARN_BOOL_CONVERSION = YES;
				CLANG_WARN_CONSTANT_CONVERSION = YES;
				CLANG_WARN_DIRECT_OBJC_ISA_USAGE = YES_ERROR;
				CLANG_WARN_EMPTY_BODY = YES;
				CLANG_WARN_ENUM_CONVERSION = YES;
				CLANG_WARN_INT_CONVERSION = YES;
				CLANG_WARN_OBJC_ROOT_CLASS = YES_ERROR;
				CLANG_WARN_UNREACHABLE_CODE = YES;
				CLANG_WARN__DUPLICATE_METHOD_MATCH = YES;
				"CODE_SIGN_IDENTITY[sdk=iphoneos*]" = "iPhone Developer";
				COPY_PHASE_STRIP = NO;
				DEBUG_INFORMATION_FORMAT = dwarf;
				ENABLE_STRICT_OBJC_MSGSEND = YES;
				ENABLE_TESTABILITY = YES;
				GCC_C_LANGUAGE_STANDARD = gnu99;
				GCC_DYNAMIC_NO_PIC = NO;
				GCC_NO_COMMON_BLOCKS = YES;
				GCC_OPTIMIZATION_LEVEL = 0;
				GCC_PREPROCESSOR_DEFINITIONS = (
					"DEBUG=1",
					"$(inherited)",
				);
				GCC_WARN_64_TO_32_BIT_CONVERSION = YES;
				GCC_WARN_ABOUT_RETURN_TYPE = YES_ERROR;
				GCC_WARN_UNDECLARED_SELECTOR = YES;
				GCC_WARN_UNINITIALIZED_AUTOS = YES_AGGRESSIVE;
				GCC_WARN_UNUSED_FUNCTION = YES;
				GCC_WARN_UNUSED_VARIABLE = YES;
				IPHONEOS_DEPLOYMENT_TARGET = 9.0;
				MTL_ENABLE_DEBUG_INFO = YES;
				ONLY_ACTIVE_ARCH = YES;
				SDKROOT = iphoneos;
				SWIFT_OPTIMIZATION_LEVEL = "-Onone";
				TARGETED_DEVICE_FAMILY = "1,2";
			};
			name = Debug;
		};
		ADCF2F7B1BF168C50083F1A0 /* Release */ = {
			isa = XCBuildConfiguration;
			buildSettings = {
				ALWAYS_SEARCH_USER_PATHS = NO;
				CLANG_CXX_LANGUAGE_STANDARD = "gnu++0x";
				CLANG_CXX_LIBRARY = "libc++";
				CLANG_ENABLE_MODULES = YES;
				CLANG_ENABLE_OBJC_ARC = YES;
				CLANG_WARN_BOOL_CONVERSION = YES;
				CLANG_WARN_CONSTANT_CONVERSION = YES;
				CLANG_WARN_DIRECT_OBJC_ISA_USAGE = YES_ERROR;
				CLANG_WARN_EMPTY_BODY = YES;
				CLANG_WARN_ENUM_CONVERSION = YES;
				CLANG_WARN_INT_CONVERSION = YES;
				CLANG_WARN_OBJC_ROOT_CLASS = YES_ERROR;
				CLANG_WARN_UNREACHABLE_CODE = YES;
				CLANG_WARN__DUPLICATE_METHOD_MATCH = YES;
				"CODE_SIGN_IDENTITY[sdk=iphoneos*]" = "iPhone Developer";
				COPY_PHASE_STRIP = NO;
				DEBUG_INFORMATION_FORMAT = "dwarf-with-dsym";
				ENABLE_NS_ASSERTIONS = NO;
				ENABLE_STRICT_OBJC_MSGSEND = YES;
				GCC_C_LANGUAGE_STANDARD = gnu99;
				GCC_NO_COMMON_BLOCKS = YES;
				GCC_WARN_64_TO_32_BIT_CONVERSION = YES;
				GCC_WARN_ABOUT_RETURN_TYPE = YES_ERROR;
				GCC_WARN_UNDECLARED_SELECTOR = YES;
				GCC_WARN_UNINITIALIZED_AUTOS = YES_AGGRESSIVE;
				GCC_WARN_UNUSED_FUNCTION = YES;
				GCC_WARN_UNUSED_VARIABLE = YES;
				IPHONEOS_DEPLOYMENT_TARGET = 9.0;
				MTL_ENABLE_DEBUG_INFO = NO;
				SDKROOT = iphoneos;
				TARGETED_DEVICE_FAMILY = "1,2";
				VALIDATE_PRODUCT = YES;
			};
			name = Release;
		};
		ADCF2F7D1BF168C50083F1A0 /* Debug */ = {
			isa = XCBuildConfiguration;
			baseConfigurationReference = 3C13525B0DD9EF0B32A40006 /* Pods.debug.xcconfig */;
			buildSettings = {
				ASSETCATALOG_COMPILER_APPICON_NAME = AppIcon;
				CODE_SIGN_IDENTITY = "iPhone Developer";
				FRAMEWORK_SEARCH_PATHS = (
					"$(inherited)",
					"$(PROJECT_DIR)",
					"$(PROJECT_DIR)/build/Debug-iphoneos",
				);
				INFOPLIST_FILE = BSE/Info.plist;
				IPHONEOS_DEPLOYMENT_TARGET = 9.0;
				LD_RUNPATH_SEARCH_PATHS = "$(inherited) @executable_path/Frameworks";
				PRODUCT_BUNDLE_IDENTIFIER = "com.null-development.BSE";
				PRODUCT_NAME = "$(TARGET_NAME)";
			};
			name = Debug;
		};
		ADCF2F7E1BF168C50083F1A0 /* Release */ = {
			isa = XCBuildConfiguration;
			baseConfigurationReference = 1458D9B89EBC1EF15434759C /* Pods.release.xcconfig */;
			buildSettings = {
				ASSETCATALOG_COMPILER_APPICON_NAME = AppIcon;
				CODE_SIGN_IDENTITY = "iPhone Developer";
				FRAMEWORK_SEARCH_PATHS = (
					"$(inherited)",
					"$(PROJECT_DIR)",
					"$(PROJECT_DIR)/build/Debug-iphoneos",
				);
				INFOPLIST_FILE = BSE/Info.plist;
				IPHONEOS_DEPLOYMENT_TARGET = 9.0;
				LD_RUNPATH_SEARCH_PATHS = "$(inherited) @executable_path/Frameworks";
				PRODUCT_BUNDLE_IDENTIFIER = "com.null-development.BSE";
				PRODUCT_NAME = "$(TARGET_NAME)";
			};
			name = Release;
		};
		ADCF2F801BF168C50083F1A0 /* Debug */ = {
			isa = XCBuildConfiguration;
			buildSettings = {
				BUNDLE_LOADER = "$(TEST_HOST)";
				INFOPLIST_FILE = BSETests/Info.plist;
				LD_RUNPATH_SEARCH_PATHS = "$(inherited) @executable_path/Frameworks @loader_path/Frameworks";
				PRODUCT_BUNDLE_IDENTIFIER = "com.null-development.BSETests";
				PRODUCT_NAME = "$(TARGET_NAME)";
				TEST_HOST = "$(BUILT_PRODUCTS_DIR)/BSE.app/BSE";
			};
			name = Debug;
		};
		ADCF2F811BF168C50083F1A0 /* Release */ = {
			isa = XCBuildConfiguration;
			buildSettings = {
				BUNDLE_LOADER = "$(TEST_HOST)";
				INFOPLIST_FILE = BSETests/Info.plist;
				LD_RUNPATH_SEARCH_PATHS = "$(inherited) @executable_path/Frameworks @loader_path/Frameworks";
				PRODUCT_BUNDLE_IDENTIFIER = "com.null-development.BSETests";
				PRODUCT_NAME = "$(TARGET_NAME)";
				TEST_HOST = "$(BUILT_PRODUCTS_DIR)/BSE.app/BSE";
			};
			name = Release;
		};
		ADCF2F831BF168C50083F1A0 /* Debug */ = {
			isa = XCBuildConfiguration;
			buildSettings = {
				INFOPLIST_FILE = BSEUITests/Info.plist;
				LD_RUNPATH_SEARCH_PATHS = "$(inherited) @executable_path/Frameworks @loader_path/Frameworks";
				PRODUCT_BUNDLE_IDENTIFIER = "com.null-development.BSEUITests";
				PRODUCT_NAME = "$(TARGET_NAME)";
				TEST_TARGET_NAME = BSE;
				USES_XCTRUNNER = YES;
			};
			name = Debug;
		};
		ADCF2F841BF168C50083F1A0 /* Release */ = {
			isa = XCBuildConfiguration;
			buildSettings = {
				INFOPLIST_FILE = BSEUITests/Info.plist;
				LD_RUNPATH_SEARCH_PATHS = "$(inherited) @executable_path/Frameworks @loader_path/Frameworks";
				PRODUCT_BUNDLE_IDENTIFIER = "com.null-development.BSEUITests";
				PRODUCT_NAME = "$(TARGET_NAME)";
				TEST_TARGET_NAME = BSE;
				USES_XCTRUNNER = YES;
			};
			name = Release;
		};
/* End XCBuildConfiguration section */

/* Begin XCConfigurationList section */
		ADCF2F4F1BF168C50083F1A0 /* Build configuration list for PBXProject "BSE" */ = {
			isa = XCConfigurationList;
			buildConfigurations = (
				ADCF2F7A1BF168C50083F1A0 /* Debug */,
				ADCF2F7B1BF168C50083F1A0 /* Release */,
			);
			defaultConfigurationIsVisible = 0;
			defaultConfigurationName = Release;
		};
		ADCF2F7C1BF168C50083F1A0 /* Build configuration list for PBXNativeTarget "BSE" */ = {
			isa = XCConfigurationList;
			buildConfigurations = (
				ADCF2F7D1BF168C50083F1A0 /* Debug */,
				ADCF2F7E1BF168C50083F1A0 /* Release */,
			);
			defaultConfigurationIsVisible = 0;
			defaultConfigurationName = Release;
		};
		ADCF2F7F1BF168C50083F1A0 /* Build configuration list for PBXNativeTarget "BSETests" */ = {
			isa = XCConfigurationList;
			buildConfigurations = (
				ADCF2F801BF168C50083F1A0 /* Debug */,
				ADCF2F811BF168C50083F1A0 /* Release */,
			);
			defaultConfigurationIsVisible = 0;
			defaultConfigurationName = Release;
		};
		ADCF2F821BF168C50083F1A0 /* Build configuration list for PBXNativeTarget "BSEUITests" */ = {
			isa = XCConfigurationList;
			buildConfigurations = (
				ADCF2F831BF168C50083F1A0 /* Debug */,
				ADCF2F841BF168C50083F1A0 /* Release */,
			);
			defaultConfigurationIsVisible = 0;
			defaultConfigurationName = Release;
		};
/* End XCConfigurationList section */
	};
	rootObject = ADCF2F4C1BF168C50083F1A0 /* Project object */;
}
